# @generated - this file is auto-generated by `mise lock` https://mise.jdx.dev/dev-tools/mise-lock.html

lockfile_version = 2

[[tools.just]]
version = "1.58.0"
backend = "aqua:casey/just"
specifiers = ["latest"]

[tools.just."platforms.linux-arm64"]
checksum = "sha256:748237128c4c40cbdabc65e841d05ceba13cc23a91eaba395495894c1d9764df"
url = "https://github.com/casey/just/releases/download/1.58.0/just-1.58.0-aarch64-unknown-linux-musl.tar.gz"
url_api = "https://api.github.com/repos/casey/just/releases/assets/500510099"

[tools.just."platforms.linux-x64"]
checksum = "sha256:4a5cc2f53e6f0f8c59092a6cc38291eb729d46a7dd95d3ae582008881b84931d"
url = "https://github.com/casey/just/releases/download/1.58.0/just-1.58.0-x86_64-unknown-linux-musl.tar.gz"
url_api = "https://api.github.com/repos/casey/just/releases/assets/500509978"

[tools.just."platforms.macos-arm64"]
checksum = "sha256:50ae3e996c974a0bf32ea7d10f495070df33f1b43e0616b2769e3d4821ed8f48"
url = "https://github.com/casey/just/releases/download/1.58.0/just-1.58.0-aarch64-apple-darwin.tar.gz"
url_api = "https://api.github.com/repos/casey/just/releases/assets/500509965"

[tools.just."platforms.macos-x64"]
checksum = "sha256:9a09cfef66aaa79da58203970103a0684307716caaabd3e9844cacc4dc0f4023"
url = "https://github.com/casey/just/releases/download/1.58.0/just-1.58.0-x86_64-apple-darwin.tar.gz"
url_api = "https://api.github.com/repos/casey/just/releases/assets/500510084"

[tools.just."platforms.windows-arm64"]
checksum = "sha256:759f16fb7aa17c5c8b9594b6d4a8c1a6630dfd042cf2b3ff84841454d3d188dc"
url = "https://github.com/casey/just/releases/download/1.58.0/just-1.58.0-x86_64-pc-windows-msvc.zip"
url_api = "https://api.github.com/repos/casey/just/releases/assets/500511374"

[tools.just."platforms.windows-x64"]
checksum = "sha256:759f16fb7aa17c5c8b9594b6d4a8c1a6630dfd042cf2b3ff84841454d3d188dc"
url = "https://github.com/casey/just/releases/download/1.58.0/just-1.58.0-x86_64-pc-windows-msvc.zip"
url_api = "https://api.github.com/repos/casey/just/releases/assets/500511374"

[[tools.maturin]]
version = "1.15.0"
backend = "github:PyO3/maturin"
specifiers = ["latest"]

[tools.maturin."platforms.linux-arm64"]
checksum = "sha256:cd287a2c9dc69ab559670d245bfc9d3f5b0c9f184aa98ad0d8f826abc90c78dd"
url = "https://github.com/PyO3/maturin/releases/download/v1.15.0/maturin-aarch64-unknown-linux-musl.tar.gz"
url_api = "https://api.github.com/repos/PyO3/maturin/releases/assets/527562231"
provenance = "github-attestations"

[tools.maturin."platforms.linux-x64"]
checksum = "sha256:5a7d5226e83598b0c85881a0a03be16393ee2c0924b6f9d752951795825ac806"
url = "https://github.com/PyO3/maturin/releases/download/v1.15.0/maturin-x86_64-unknown-linux-musl.tar.gz"
url_api = "https://api.github.com/repos/PyO3/maturin/releases/assets/527562222"
provenance = "github-attestations"

[tools.maturin."platforms.macos-arm64"]
checksum = "sha256:d7a9ce82389e75aeaef8fdda43d35dbc956fac6a4b143a4c7b447b6ffadc7eaf"
url = "https://github.com/PyO3/maturin/releases/download/v1.15.0/maturin-aarch64-apple-darwin.tar.gz"
url_api = "https://api.github.com/repos/PyO3/maturin/releases/assets/527562235"
provenance = "github-attestations"

[tools.maturin."platforms.macos-x64"]
checksum = "sha256:d72809b92806a53bdc22074aeedc83af66f8bdb391e2c60bc72547c40ec10629"
url = "https://github.com/PyO3/maturin/releases/download/v1.15.0/maturin-x86_64-apple-darwin.tar.gz"
url_api = "https://api.github.com/repos/PyO3/maturin/releases/assets/527562233"
provenance = "github-attestations"

[tools.maturin."platforms.windows-arm64"]
checksum = "sha256:bbb9361d2101039a81423cd3d66d6b3e94365640104bb553ee25591989010953"
url = "https://github.com/PyO3/maturin/releases/download/v1.15.0/maturin-aarch64-pc-windows-msvc.zip"
url_api = "https://api.github.com/repos/PyO3/maturin/releases/assets/527562225"
provenance = "github-attestations"

[tools.maturin."platforms.windows-x64"]
checksum = "sha256:c645dc55f848205210552e77f744685c90c35ae81fd03e47a9887ebdc8ae8299"
url = "https://github.com/PyO3/maturin/releases/download/v1.15.0/maturin-x86_64-pc-windows-msvc.zip"
url_api = "https://api.github.com/repos/PyO3/maturin/releases/assets/527562239"
provenance = "github-attestations"

[[tools.prek]]
version = "0.5.3"
backend = "aqua:j178/prek"
specifiers = ["latest"]

[tools.prek."platforms.linux-arm64"]
checksum = "sha256:4cfc936895e8b4e1e2f92daca61bb7c8eb123bac14585ba9f706b599776cdcc8"
url = "https://github.com/j178/prek/releases/download/v0.5.3/prek-aarch64-unknown-linux-gnu.tar.gz"
url_api = "https://api.github.com/repos/j178/prek/releases/assets/560889195"
provenance = "github-attestations"

[tools.prek."platforms.linux-x64"]
checksum = "sha256:c1475ddc56df0003c780557d9b52273d9eb19c9ef8d91143f3ce03511182a36e"
url = "https://github.com/j178/prek/releases/download/v0.5.3/prek-x86_64-unknown-linux-gnu.tar.gz"
url_api = "https://api.github.com/repos/j178/prek/releases/assets/560889224"
provenance = "github-attestations"

[tools.prek."platforms.macos-arm64"]
checksum = "sha256:6006cc4e69cfc86d55f4e407ca60ba960a521befa54fece94038639b1f4de381"
url = "https://github.com/j178/prek/releases/download/v0.5.3/prek-aarch64-apple-darwin.tar.gz"
url_api = "https://api.github.com/repos/j178/prek/releases/assets/560889174"
provenance = "github-attestations"

[tools.prek."platforms.macos-x64"]
checksum = "sha256:874f05d12e7cb672758295b5253dfd05aadad3c2bcaa42ae712b917294629b07"
url = "https://github.com/j178/prek/releases/download/v0.5.3/prek-x86_64-apple-darwin.tar.gz"
url_api = "https://api.github.com/repos/j178/prek/releases/assets/560889217"
provenance = "github-attestations"

[tools.prek."platforms.windows-arm64"]
checksum = "sha256:394ab47d1c42f2d563a995814291913105a21cccd070501e32052fb5b5cc8b40"
url = "https://github.com/j178/prek/releases/download/v0.5.3/prek-aarch64-pc-windows-msvc.zip"
url_api = "https://api.github.com/repos/j178/prek/releases/assets/560889177"
provenance = "github-attestations"

[tools.prek."platforms.windows-x64"]
checksum = "sha256:c15a5636bf93a3937507d8da2302b074b0946b3d35882471b002ea93586728d8"
url = "https://github.com/j178/prek/releases/download/v0.5.3/prek-x86_64-pc-windows-msvc.zip"
url_api = "https://api.github.com/repos/j178/prek/releases/assets/560889220"
provenance = "github-attestations"

[[tools.python]]
version = "3.12.14"
backend = "core:python"
specifiers = ["3.12"]

[tools.python."platforms.linux-arm64"]
checksum = "sha256:577b4bec0793ad1ff0cbff9adbd0df078eddde38a4c41bf5d83ad381a85ee39d"
url = "https://github.com/astral-sh/python-build-standalone/releases/download/20260901/cpython-3.12.14+20260901-aarch64-unknown-linux-gnu-install_only_stripped.tar.gz"
provenance = "github-attestations"

[tools.python."platforms.linux-x64"]
checksum = "sha256:72748da13197c1fb161e3afeef20a6a385ff24f2165e6e2758e47008e7faba4c"
url = "https://github.com/astral-sh/python-build-standalone/releases/download/20260901/cpython-3.12.14+20260901-x86_64-unknown-linux-gnu-install_only_stripped.tar.gz"
provenance = "github-attestations"

[tools.python."platforms.macos-arm64"]
checksum = "sha256:81a359f1cfadd4da11766534c5913791cea55f26e1bb902cacd2a531bb1e4b2b"
url = "https://github.com/astral-sh/python-build-standalone/releases/download/20260901/cpython-3.12.14+20260901-aarch64-apple-darwin-install_only_stripped.tar.gz"
provenance = "github-attestations"

[tools.python."platforms.macos-x64"]
checksum = "sha256:65b195c9cedc1fef6767f044f9822069adbd1bd9204d424ece4628776fdc04bb"
url = "https://github.com/astral-sh/python-build-standalone/releases/download/20260901/cpython-3.12.14+20260901-x86_64-apple-darwin-install_only_stripped.tar.gz"
provenance = "github-attestations"

[tools.python."platforms.windows-arm64"]
checksum = "sha256:72f4713d056a17961bdba7b43be82a878035040fa1eee30cfd5e43b91a2852d9"
url = "https://github.com/astral-sh/python-build-standalone/releases/download/20260901/cpython-3.12.14+20260901-aarch64-pc-windows-msvc-install_only_stripped.tar.gz"
provenance = "github-attestations"

[tools.python."platforms.windows-x64"]
checksum = "sha256:7c45c9622400d578709a9b2cddbe8124cc21d382409d9f13406d706d28e31b14"
url = "https://github.com/astral-sh/python-build-standalone/releases/download/20260901/cpython-3.12.14+20260901-x86_64-pc-windows-msvc-install_only_stripped.tar.gz"
provenance = "github-attestations"

[[tools.rust]]
version = "nightly-2026-09-15"
backend = "core:rust"
specifiers = ["nightly"]

[tools.rust.options]
components = "cargo,clippy,rust-analyzer,rust-src,rustc,rustfmt"

[[tools.uv]]
version = "0.12.13"
backend = "aqua:astral-sh/uv"
specifiers = ["latest"]

[tools.uv."platforms.linux-arm64"]
checksum = "sha256:2eaa5d94f5db7b3a1a092156b9420459e42ab0217d917fe74a876309cef9b5e9"
url = "https://github.com/astral-sh/uv/releases/download/0.12.13/uv-aarch64-unknown-linux-gnu.tar.gz"
url_api = "https://api.github.com/repos/astral-sh/uv/releases/assets/555670186"
provenance = "github-attestations"

[tools.uv."platforms.linux-x64"]
checksum = "sha256:745765a3b6e360ad76743599ae5c42e9278c7edf8bbff9fc76d05bf2623a04dd"
url = "https://github.com/astral-sh/uv/releases/download/0.12.13/uv-x86_64-unknown-linux-gnu.tar.gz"
url_api = "https://api.github.com/repos/astral-sh/uv/releases/assets/555670375"
provenance = "github-attestations"

[tools.uv."platforms.macos-arm64"]
checksum = "sha256:7e6ddb9316acc00f2296c82ff4d99977870ee34b2f0ddcae9444d714db9364ed"
url = "https://github.com/astral-sh/uv/releases/download/0.12.13/uv-aarch64-apple-darwin.tar.gz"
url_api = "https://api.github.com/repos/astral-sh/uv/releases/assets/555670160"
provenance = "github-attestations"

[tools.uv."platforms.macos-x64"]
checksum = "sha256:5e287ef61cb6a9b61b3a83fef124fd143e400468a7dac794230147a810e17119"
url = "https://github.com/astral-sh/uv/releases/download/0.12.13/uv-x86_64-apple-darwin.tar.gz"
url_api = "https://api.github.com/repos/astral-sh/uv/releases/assets/555670348"
provenance = "github-attestations"

[tools.uv."platforms.windows-arm64"]
checksum = "sha256:a86c9dc7bad9b03f388583b7187c05fe9951c2e0d392217e8fd43d97787f6ec2"
url = "https://github.com/astral-sh/uv/releases/download/0.12.13/uv-x86_64-pc-windows-msvc.zip"
url_api = "https://api.github.com/repos/astral-sh/uv/releases/assets/555670362"
provenance = "github-attestations"

[tools.uv."platforms.windows-x64"]
checksum = "sha256:a86c9dc7bad9b03f388583b7187c05fe9951c2e0d392217e8fd43d97787f6ec2"
url = "https://github.com/astral-sh/uv/releases/download/0.12.13/uv-x86_64-pc-windows-msvc.zip"
url_api = "https://api.github.com/repos/astral-sh/uv/releases/assets/555670362"
provenance = "github-attestations"
